
Microsoft Visual Studio Solution File, Format Version 12.00
# Visual Studio Version 17
VisualStudioVersion = 17.5.002.0
MinimumVisualStudioVersion = 10.0.40219.1
Project("{9A19103F-16F7-4668-BE54-9A1E7A4F7556}") = "webtest", "webtest.csproj", "{89B981D5-0E60-482C-BD7E-13F0A52C9958}"
EndProject
Global
	GlobalSection(SolutionConfigurationPlatforms) = preSolution
		Debug|Any CPU = Debug|Any CPU
		Release|Any CPU = Release|Any CPU
	EndGlobalSection
	GlobalSection(ProjectConfigurationPlatforms) = postSolution
		{89B981D5-0E60-482C-BD7E-13F0A52C9958}.Debug|Any CPU.ActiveCfg = Debug|Any CPU
		{89B981D5-0E60-482C-BD7E-13F0A52C9958}.Debug|Any CPU.Build.0 = Debug|Any CPU
		{89B981D5-0E60-482C-BD7E-13F0A52C9958}.Release|Any CPU.ActiveCfg = Release|Any CPU
		{89B981D5-0E60-482C-BD7E-13F0A52C9958}.Release|Any CPU.Build.0 = Release|Any CPU
	EndGlobalSection
	GlobalSection(SolutionProperties) = preSolution
		HideSolutionNode = FALSE
	EndGlobalSection
	GlobalSection(ExtensibilityGlobals) = postSolution
		SolutionGuid = {B0FD12AD-CE98-4DC0-8DC4-E48A309565EA}
	EndGlobalSection
EndGlobal
