
Microsoft Visual Studio Solution File, Format Version 12.00
# Visual Studio Version 17
VisualStudioVersion = 17.0.31903.59
MinimumVisualStudioVersion = 10.0.40219.1
Project("{2150E333-8FDC-42A3-9474-1A3956D46DE8}") = "csharp", "csharp", "{89E7E8EE-74BF-4ED5-8C37-B1F1CCFDE9B5}"
EndProject
Project("{2150E333-8FDC-42A3-9474-1A3956D46DE8}") = "20231106", "20231106", "{4EC60962-CE41-4493-A337-9B1B8D938CAA}"
EndProject
Project("{FAE04EC0-301F-11D3-BF4B-00C04F79EFBC}") = "00-Intro", "csharp\20231106\00-Intro\00-Intro.csproj", "{538DF57C-5EAB-4E85-9E68-28FA4104D2B3}"
EndProject
Project("{FAE04EC0-301F-11D3-BF4B-00C04F79EFBC}") = "01-Console", "csharp\20231106\01-Console\01-Console.csproj", "{090834F0-4B91-4E0C-AEA9-D48173A6BFA4}"
EndProject
Project("{FAE04EC0-301F-11D3-BF4B-00C04F79EFBC}") = "02-LogicalsEtc", "csharp\20231106\02-LogicalsEtc\02-LogicalsEtc.csproj", "{6DD62E5F-AA91-452A-A582-575609E86F69}"
EndProject
Project("{FAE04EC0-301F-11D3-BF4B-00C04F79EFBC}") = "01ConsoleExercise", "csharp\20231106\01ConsoleExercise\01ConsoleExercise.csproj", "{B19D1093-9CC2-4BBD-9473-234699CD02FB}"
EndProject
Project("{FAE04EC0-301F-11D3-BF4B-00C04F79EFBC}") = "webtest", "csharp\20231106\webtest\webtest.csproj", "{CA639463-63BE-4D39-A1AA-81C31C3B96AD}"
EndProject
Project("{2150E333-8FDC-42A3-9474-1A3956D46DE8}") = "20231115", "20231115", "{5AADC5FB-029B-44D8-8338-8FDE0A657896}"
EndProject
Project("{FAE04EC0-301F-11D3-BF4B-00C04F79EFBC}") = "Lists", "csharp\20231115\Lists\Lists.csproj", "{43FEFBC5-119B-4F6B-A3AB-C768480B60D9}"
EndProject
Project("{FAE04EC0-301F-11D3-BF4B-00C04F79EFBC}") = "Strings", "csharp\20231115\Strings\Strings.csproj", "{25FA8B57-BA1B-4F2D-8FE7-D4F600E44C0D}"
EndProject
Project("{FAE04EC0-301F-11D3-BF4B-00C04F79EFBC}") = "Lists.Test", "csharp\20231115\Lists.Test\Lists.Test.csproj", "{CE216B0F-D7CD-405B-8F41-25135CBABB5F}"
EndProject
Project("{FAE04EC0-301F-11D3-BF4B-00C04F79EFBC}") = "loops-and-exercises", "csharp\20231115\loops-and-exercises\loops-and-exercises.csproj", "{5C53A473-82A1-4C2D-928C-5E24189D0F14}"
EndProject
Project("{2150E333-8FDC-42A3-9474-1A3956D46DE8}") = "loops-and-exercises", "loops-and-exercises", "{E5831A68-0CE4-40B1-8F56-5310574CCFEE}"
EndProject
Project("{FAE04EC0-301F-11D3-BF4B-00C04F79EFBC}") = "SecondaryTests", "csharp\20231115\loops-and-exercises\SecondaryTests\SecondaryTests.csproj", "{E2F92062-CE03-4655-90C3-04748788BF7F}"
EndProject
Global
	GlobalSection(SolutionConfigurationPlatforms) = preSolution
		Debug|Any CPU = Debug|Any CPU
		Release|Any CPU = Release|Any CPU
	EndGlobalSection
	GlobalSection(SolutionProperties) = preSolution
		HideSolutionNode = FALSE
	EndGlobalSection
	GlobalSection(ProjectConfigurationPlatforms) = postSolution
		{538DF57C-5EAB-4E85-9E68-28FA4104D2B3}.Debug|Any CPU.ActiveCfg = Debug|Any CPU
		{538DF57C-5EAB-4E85-9E68-28FA4104D2B3}.Debug|Any CPU.Build.0 = Debug|Any CPU
		{538DF57C-5EAB-4E85-9E68-28FA4104D2B3}.Release|Any CPU.ActiveCfg = Release|Any CPU
		{538DF57C-5EAB-4E85-9E68-28FA4104D2B3}.Release|Any CPU.Build.0 = Release|Any CPU
		{090834F0-4B91-4E0C-AEA9-D48173A6BFA4}.Debug|Any CPU.ActiveCfg = Debug|Any CPU
		{090834F0-4B91-4E0C-AEA9-D48173A6BFA4}.Debug|Any CPU.Build.0 = Debug|Any CPU
		{090834F0-4B91-4E0C-AEA9-D48173A6BFA4}.Release|Any CPU.ActiveCfg = Release|Any CPU
		{090834F0-4B91-4E0C-AEA9-D48173A6BFA4}.Release|Any CPU.Build.0 = Release|Any CPU
		{6DD62E5F-AA91-452A-A582-575609E86F69}.Debug|Any CPU.ActiveCfg = Debug|Any CPU
		{6DD62E5F-AA91-452A-A582-575609E86F69}.Debug|Any CPU.Build.0 = Debug|Any CPU
		{6DD62E5F-AA91-452A-A582-575609E86F69}.Release|Any CPU.ActiveCfg = Release|Any CPU
		{6DD62E5F-AA91-452A-A582-575609E86F69}.Release|Any CPU.Build.0 = Release|Any CPU
		{B19D1093-9CC2-4BBD-9473-234699CD02FB}.Debug|Any CPU.ActiveCfg = Debug|Any CPU
		{B19D1093-9CC2-4BBD-9473-234699CD02FB}.Debug|Any CPU.Build.0 = Debug|Any CPU
		{B19D1093-9CC2-4BBD-9473-234699CD02FB}.Release|Any CPU.ActiveCfg = Release|Any CPU
		{B19D1093-9CC2-4BBD-9473-234699CD02FB}.Release|Any CPU.Build.0 = Release|Any CPU
		{CA639463-63BE-4D39-A1AA-81C31C3B96AD}.Debug|Any CPU.ActiveCfg = Debug|Any CPU
		{CA639463-63BE-4D39-A1AA-81C31C3B96AD}.Debug|Any CPU.Build.0 = Debug|Any CPU
		{CA639463-63BE-4D39-A1AA-81C31C3B96AD}.Release|Any CPU.ActiveCfg = Release|Any CPU
		{CA639463-63BE-4D39-A1AA-81C31C3B96AD}.Release|Any CPU.Build.0 = Release|Any CPU
		{43FEFBC5-119B-4F6B-A3AB-C768480B60D9}.Debug|Any CPU.ActiveCfg = Debug|Any CPU
		{43FEFBC5-119B-4F6B-A3AB-C768480B60D9}.Debug|Any CPU.Build.0 = Debug|Any CPU
		{43FEFBC5-119B-4F6B-A3AB-C768480B60D9}.Release|Any CPU.ActiveCfg = Release|Any CPU
		{43FEFBC5-119B-4F6B-A3AB-C768480B60D9}.Release|Any CPU.Build.0 = Release|Any CPU
		{25FA8B57-BA1B-4F2D-8FE7-D4F600E44C0D}.Debug|Any CPU.ActiveCfg = Debug|Any CPU
		{25FA8B57-BA1B-4F2D-8FE7-D4F600E44C0D}.Debug|Any CPU.Build.0 = Debug|Any CPU
		{25FA8B57-BA1B-4F2D-8FE7-D4F600E44C0D}.Release|Any CPU.ActiveCfg = Release|Any CPU
		{25FA8B57-BA1B-4F2D-8FE7-D4F600E44C0D}.Release|Any CPU.Build.0 = Release|Any CPU
		{CE216B0F-D7CD-405B-8F41-25135CBABB5F}.Debug|Any CPU.ActiveCfg = Debug|Any CPU
		{CE216B0F-D7CD-405B-8F41-25135CBABB5F}.Debug|Any CPU.Build.0 = Debug|Any CPU
		{CE216B0F-D7CD-405B-8F41-25135CBABB5F}.Release|Any CPU.ActiveCfg = Release|Any CPU
		{CE216B0F-D7CD-405B-8F41-25135CBABB5F}.Release|Any CPU.Build.0 = Release|Any CPU
		{5C53A473-82A1-4C2D-928C-5E24189D0F14}.Debug|Any CPU.ActiveCfg = Debug|Any CPU
		{5C53A473-82A1-4C2D-928C-5E24189D0F14}.Debug|Any CPU.Build.0 = Debug|Any CPU
		{5C53A473-82A1-4C2D-928C-5E24189D0F14}.Release|Any CPU.ActiveCfg = Release|Any CPU
		{5C53A473-82A1-4C2D-928C-5E24189D0F14}.Release|Any CPU.Build.0 = Release|Any CPU
		{E2F92062-CE03-4655-90C3-04748788BF7F}.Debug|Any CPU.ActiveCfg = Debug|Any CPU
		{E2F92062-CE03-4655-90C3-04748788BF7F}.Debug|Any CPU.Build.0 = Debug|Any CPU
		{E2F92062-CE03-4655-90C3-04748788BF7F}.Release|Any CPU.ActiveCfg = Release|Any CPU
		{E2F92062-CE03-4655-90C3-04748788BF7F}.Release|Any CPU.Build.0 = Release|Any CPU
	EndGlobalSection
	GlobalSection(NestedProjects) = preSolution
		{4EC60962-CE41-4493-A337-9B1B8D938CAA} = {89E7E8EE-74BF-4ED5-8C37-B1F1CCFDE9B5}
		{538DF57C-5EAB-4E85-9E68-28FA4104D2B3} = {4EC60962-CE41-4493-A337-9B1B8D938CAA}
		{090834F0-4B91-4E0C-AEA9-D48173A6BFA4} = {4EC60962-CE41-4493-A337-9B1B8D938CAA}
		{6DD62E5F-AA91-452A-A582-575609E86F69} = {4EC60962-CE41-4493-A337-9B1B8D938CAA}
		{B19D1093-9CC2-4BBD-9473-234699CD02FB} = {4EC60962-CE41-4493-A337-9B1B8D938CAA}
		{CA639463-63BE-4D39-A1AA-81C31C3B96AD} = {4EC60962-CE41-4493-A337-9B1B8D938CAA}
		{5AADC5FB-029B-44D8-8338-8FDE0A657896} = {89E7E8EE-74BF-4ED5-8C37-B1F1CCFDE9B5}
		{43FEFBC5-119B-4F6B-A3AB-C768480B60D9} = {5AADC5FB-029B-44D8-8338-8FDE0A657896}
		{25FA8B57-BA1B-4F2D-8FE7-D4F600E44C0D} = {5AADC5FB-029B-44D8-8338-8FDE0A657896}
		{CE216B0F-D7CD-405B-8F41-25135CBABB5F} = {5AADC5FB-029B-44D8-8338-8FDE0A657896}
		{5C53A473-82A1-4C2D-928C-5E24189D0F14} = {5AADC5FB-029B-44D8-8338-8FDE0A657896}
		{E5831A68-0CE4-40B1-8F56-5310574CCFEE} = {5AADC5FB-029B-44D8-8338-8FDE0A657896}
		{E2F92062-CE03-4655-90C3-04748788BF7F} = {E5831A68-0CE4-40B1-8F56-5310574CCFEE}
	EndGlobalSection
EndGlobal
